// !$*UTF8*$!
{
	archiveVersion = 1;
	classes = {
	};
	objectVersion = 46;
	objects = {

/* Begin PBXBuildFile section */
		840872741D0DB5AC000E0ABB /* AppDelegate.swift in Sources */ = {isa = PBXBuildFile; fileRef = 840872731D0DB5AC000E0ABB /* AppDelegate.swift */; };
		840872761D0DB5AC000E0ABB /* ViewController.swift in Sources */ = {isa = PBXBuildFile; fileRef = 840872751D0DB5AC000E0ABB /* ViewController.swift */; };
		8408727B1D0DB5AC000E0ABB /* Assets.xcassets in Resources */ = {isa = PBXBuildFile; fileRef = 8408727A1D0DB5AC000E0ABB /* Assets.xcassets */; };
		8408727E1D0DB5AC000E0ABB /* LaunchScreen.storyboard in Resources */ = {isa = PBXBuildFile; fileRef = 8408727C1D0DB5AC000E0ABB /* LaunchScreen.storyboard */; };
		840872941D0DB5AC000E0ABB /* FizzBuzzUITests.swift in Sources */ = {isa = PBXBuildFile; fileRef = 840872931D0DB5AC000E0ABB /* FizzBuzzUITests.swift */; };
		840872A21D0DB6BA000E0ABB /* BrainTests.swift in Sources */ = {isa = PBXBuildFile; fileRef = 840872A11D0DB6BA000E0ABB /* BrainTests.swift */; };
		840872A41D0DB856000E0ABB /* Brain.swift in Sources */ = {isa = PBXBuildFile; fileRef = 840872A31D0DB856000E0ABB /* Brain.swift */; };
		840872A81D0DD151000E0ABB /* Gametests.swift in Sources */ = {isa = PBXBuildFile; fileRef = 840872A71D0DD151000E0ABB /* Gametests.swift */; };
		840872AA1D0DD1EE000E0ABB /* Game.swift in Sources */ = {isa = PBXBuildFile; fileRef = 840872A91D0DD1EE000E0ABB /* Game.swift */; };
		84136C4E1D1013D400CF2B62 /* ViewControllerUnitTests.swift in Sources */ = {isa = PBXBuildFile; fileRef = 84136C4D1D1013D400CF2B62 /* ViewControllerUnitTests.swift */; };
		841CD6541D0F416600371F44 /* Main.storyboard in Resources */ = {isa = PBXBuildFile; fileRef = 840872771D0DB5AC000E0ABB /* Main.storyboard */; };
/* End PBXBuildFile section */

/* Begin PBXContainerItemProxy section */
		840872851D0DB5AC000E0ABB /* PBXContainerItemProxy */ = {
			isa = PBXContainerItemProxy;
			containerPortal = 840872681D0DB5AB000E0ABB /* Project object */;
			proxyType = 1;
			remoteGlobalIDString = 8408726F1D0DB5AB000E0ABB;
			remoteInfo = FizzBuzz;
		};
		840872901D0DB5AC000E0ABB /* PBXContainerItemProxy */ = {
			isa = PBXContainerItemProxy;
			containerPortal = 840872681D0DB5AB000E0ABB /* Project object */;
			proxyType = 1;
			remoteGlobalIDString = 8408726F1D0DB5AB000E0ABB;
			remoteInfo = FizzBuzz;
		};
/* End PBXContainerItemProxy section */

/* Begin PBXFileReference section */
		840872701D0DB5AC000E0ABB /* FizzBuzz.app */ = {isa = PBXFileReference; explicitFileType = wrapper.application; includeInIndex = 0; path = FizzBuzz.app; sourceTree = BUILT_PRODUCTS_DIR; };
		840872731D0DB5AC000E0ABB /* AppDelegate.swift */ = {isa = PBXFileReference; lastKnownFileType = sourcecode.swift; path = AppDelegate.swift; sourceTree = "<group>"; };
		840872751D0DB5AC000E0ABB /* ViewController.swift */ = {isa = PBXFileReference; lastKnownFileType = sourcecode.swift; path = ViewController.swift; sourceTree = "<group>"; };
		840872781D0DB5AC000E0ABB /* Base */ = {isa = PBXFileReference; lastKnownFileType = file.storyboard; name = Base; path = Base.lproj/Main.storyboard; sourceTree = "<group>"; };
		8408727A1D0DB5AC000E0ABB /* Assets.xcassets */ = {isa = PBXFileReference; lastKnownFileType = folder.assetcatalog; path = Assets.xcassets; sourceTree = "<group>"; };
		8408727D1D0DB5AC000E0ABB /* Base */ = {isa = PBXFileReference; lastKnownFileType = file.storyboard; name = Base; path = Base.lproj/LaunchScreen.storyboard; sourceTree = "<group>"; };
		8408727F1D0DB5AC000E0ABB /* Info.plist */ = {isa = PBXFileReference; lastKnownFileType = text.plist.xml; path = Info.plist; sourceTree = "<group>"; };
		840872841D0DB5AC000E0ABB /* FizzBuzzTests.xctest */ = {isa = PBXFileReference; explicitFileType = wrapper.cfbundle; includeInIndex = 0; path = FizzBuzzTests.xctest; sourceTree = BUILT_PRODUCTS_DIR; };
		8408728A1D0DB5AC000E0ABB /* Info.plist */ = {isa = PBXFileReference; lastKnownFileType = text.plist.xml; path = Info.plist; sourceTree = "<group>"; };
		8408728F1D0DB5AC000E0ABB /* FizzBuzzUITests.xctest */ = {isa = PBXFileReference; explicitFileType = wrapper.cfbundle; includeInIndex = 0; path = FizzBuzzUITests.xctest; sourceTree = BUILT_PRODUCTS_DIR; };
		840872931D0DB5AC000E0ABB /* FizzBuzzUITests.swift */ = {isa = PBXFileReference; lastKnownFileType = sourcecode.swift; path = FizzBuzzUITests.swift; sourceTree = "<group>"; };
		840872951D0DB5AC000E0ABB /* Info.plist */ = {isa = PBXFileReference; lastKnownFileType = text.plist.xml; path = Info.plist; sourceTree = "<group>"; };
		840872A11D0DB6BA000E0ABB /* BrainTests.swift */ = {isa = PBXFileReference; fileEncoding = 4; lastKnownFileType = sourcecode.swift; path = BrainTests.swift; sourceTree = "<group>"; };
		840872A31D0DB856000E0ABB /* Brain.swift */ = {isa = PBXFileReference; fileEncoding = 4; lastKnownFileType = sourcecode.swift; path = Brain.swift; sourceTree = "<group>"; };
		840872A71D0DD151000E0ABB /* Gametests.swift */ = {isa = PBXFileReference; fileEncoding = 4; lastKnownFileType = sourcecode.swift; path = Gametests.swift; sourceTree = "<group>"; };
		840872A91D0DD1EE000E0ABB /* Game.swift */ = {isa = PBXFileReference; fileEncoding = 4; indentWidth = 4; lastKnownFileType = sourcecode.swift; path = Game.swift; sourceTree = "<group>"; };
		84136C4D1D1013D400CF2B62 /* ViewControllerUnitTests.swift */ = {isa = PBXFileReference; fileEncoding = 4; lastKnownFileType = sourcecode.swift; path = ViewControllerUnitTests.swift; sourceTree = "<group>"; };
/* End PBXFileReference section */

/* Begin PBXFrameworksBuildPhase section */
		8408726D1D0DB5AB000E0ABB /* Frameworks */ = {
			isa = PBXFrameworksBuildPhase;
			buildActionMask = 2147483647;
			files = (
			);
			runOnlyForDeploymentPostprocessing = 0;
		};
		840872811D0DB5AC000E0ABB /* Frameworks */ = {
			isa = PBXFrameworksBuildPhase;
			buildActionMask = 2147483647;
			files = (
			);
			runOnlyForDeploymentPostprocessing = 0;
		};
		8408728C1D0DB5AC000E0ABB /* Frameworks */ = {
			isa = PBXFrameworksBuildPhase;
			buildActionMask = 2147483647;
			files = (
			);
			runOnlyForDeploymentPostprocessing = 0;
		};
/* End PBXFrameworksBuildPhase section */

/* Begin PBXGroup section */
		840872671D0DB5AB000E0ABB = {
			isa = PBXGroup;
			children = (
				840872721D0DB5AC000E0ABB /* FizzBuzz */,
				840872871D0DB5AC000E0ABB /* FizzBuzzTests */,
				840872921D0DB5AC000E0ABB /* FizzBuzzUITests */,
				840872711D0DB5AC000E0ABB /* Products */,
			);
			sourceTree = "<group>";
		};
		840872711D0DB5AC000E0ABB /* Products */ = {
			isa = PBXGroup;
			children = (
				840872701D0DB5AC000E0ABB /* FizzBuzz.app */,
				840872841D0DB5AC000E0ABB /* FizzBuzzTests.xctest */,
				8408728F1D0DB5AC000E0ABB /* FizzBuzzUITests.xctest */,
			);
			name = Products;
			sourceTree = "<group>";
		};
		840872721D0DB5AC000E0ABB /* FizzBuzz */ = {
			isa = PBXGroup;
			children = (
				840872731D0DB5AC000E0ABB /* AppDelegate.swift */,
				840872751D0DB5AC000E0ABB /* ViewController.swift */,
				840872771D0DB5AC000E0ABB /* Main.storyboard */,
				8408727A1D0DB5AC000E0ABB /* Assets.xcassets */,
				8408727C1D0DB5AC000E0ABB /* LaunchScreen.storyboard */,
				8408727F1D0DB5AC000E0ABB /* Info.plist */,
				840872A31D0DB856000E0ABB /* Brain.swift */,
				840872A91D0DD1EE000E0ABB /* Game.swift */,
			);
			path = FizzBuzz;
			sourceTree = "<group>";
		};
		840872871D0DB5AC000E0ABB /* FizzBuzzTests */ = {
			isa = PBXGroup;
			children = (
				840872A11D0DB6BA000E0ABB /* BrainTests.swift */,
				8408728A1D0DB5AC000E0ABB /* Info.plist */,
				840872A71D0DD151000E0ABB /* Gametests.swift */,
				84136C4D1D1013D400CF2B62 /* ViewControllerUnitTests.swift */,
			);
			path = FizzBuzzTests;
			sourceTree = "<group>";
		};
		840872921D0DB5AC000E0ABB /* FizzBuzzUITests */ = {
			isa = PBXGroup;
			children = (
				840872931D0DB5AC000E0ABB /* FizzBuzzUITests.swift */,
				840872951D0DB5AC000E0ABB /* Info.plist */,
			);
			path = FizzBuzzUITests;
			sourceTree = "<group>";
		};
/* End PBXGroup section */

/* Begin PBXNativeTarget section */
		8408726F1D0DB5AB000E0ABB /* FizzBuzz */ = {
			isa = PBXNativeTarget;
			buildConfigurationList = 840872981D0DB5AC000E0ABB /* Build configuration list for PBXNativeTarget "FizzBuzz" */;
			buildPhases = (
				8408726C1D0DB5AB000E0ABB /* Sources */,
				8408726D1D0DB5AB000E0ABB /* Frameworks */,
				8408726E1D0DB5AB000E0ABB /* Resources */,
			);
			buildRules = (
			);
			dependencies = (
			);
			name = FizzBuzz;
			productName = FizzBuzz;
			productReference = 840872701D0DB5AC000E0ABB /* FizzBuzz.app */;
			productType = "com.apple.product-type.application";
		};
		840872831D0DB5AC000E0ABB /* FizzBuzzTests */ = {
			isa = PBXNativeTarget;
			buildConfigurationList = 8408729B1D0DB5AC000E0ABB /* Build configuration list for PBXNativeTarget "FizzBuzzTests" */;
			buildPhases = (
				840872801D0DB5AC000E0ABB /* Sources */,
				840872811D0DB5AC000E0ABB /* Frameworks */,
				840872821D0DB5AC000E0ABB /* Resources */,
			);
			buildRules = (
			);
			dependencies = (
				840872861D0DB5AC000E0ABB /* PBXTargetDependency */,
			);
			name = FizzBuzzTests;
			productName = FizzBuzzTests;
			productReference = 840872841D0DB5AC000E0ABB /* FizzBuzzTests.xctest */;
			productType = "com.apple.product-type.bundle.unit-test";
		};
		8408728E1D0DB5AC000E0ABB /* FizzBuzzUITests */ = {
			isa = PBXNativeTarget;
			buildConfigurationList = 8408729E1D0DB5AC000E0ABB /* Build configuration list for PBXNativeTarget "FizzBuzzUITests" */;
			buildPhases = (
				8408728B1D0DB5AC000E0ABB /* Sources */,
				8408728C1D0DB5AC000E0ABB /* Frameworks */,
				8408728D1D0DB5AC000E0ABB /* Resources */,
			);
			buildRules = (
			);
			dependencies = (
				840872911D0DB5AC000E0ABB /* PBXTargetDependency */,
			);
			name = FizzBuzzUITests;
			productName = FizzBuzzUITests;
			productReference = 8408728F1D0DB5AC000E0ABB /* FizzBuzzUITests.xctest */;
			productType = "com.apple.product-type.bundle.ui-testing";
		};
/* End PBXNativeTarget section */

/* Begin PBXProject section */
		840872681D0DB5AB000E0ABB /* Project object */ = {
			isa = PBXProject;
			attributes = {
				LastSwiftUpdateCheck = 0730;
				LastUpgradeCheck = 0730;
				ORGANIZATIONNAME = Admin;
				TargetAttributes = {
					8408726F1D0DB5AB000E0ABB = {
						CreatedOnToolsVersion = 7.3.1;
						DevelopmentTeam = 24T7JPRRUH;
					};
					840872831D0DB5AC000E0ABB = {
						CreatedOnToolsVersion = 7.3.1;
						TestTargetID = 8408726F1D0DB5AB000E0ABB;
					};
					8408728E1D0DB5AC000E0ABB = {
						CreatedOnToolsVersion = 7.3.1;
						TestTargetID = 8408726F1D0DB5AB000E0ABB;
					};
				};
			};
			buildConfigurationList = 8408726B1D0DB5AB000E0ABB /* Build configuration list for PBXProject "FizzBuzz" */;
			compatibilityVersion = "Xcode 3.2";
			developmentRegion = English;
			hasScannedForEncodings = 0;
			knownRegions = (
				en,
				Base,
			);
			mainGroup = 840872671D0DB5AB000E0ABB;
			productRefGroup = 840872711D0DB5AC000E0ABB /* Products */;
			projectDirPath = "";
			projectRoot = "";
			targets = (
				8408726F1D0DB5AB000E0ABB /* FizzBuzz */,
				840872831D0DB5AC000E0ABB /* FizzBuzzTests */,
				8408728E1D0DB5AC000E0ABB /* FizzBuzzUITests */,
			);
		};
/* End PBXProject section */

/* Begin PBXResourcesBuildPhase section */
		8408726E1D0DB5AB000E0ABB /* Resources */ = {
			isa = PBXResourcesBuildPhase;
			buildActionMask = 2147483647;
			files = (
				841CD6541D0F416600371F44 /* Main.storyboard in Resources */,
				8408727E1D0DB5AC000E0ABB /* LaunchScreen.storyboard in Resources */,
				8408727B1D0DB5AC000E0ABB /* Assets.xcassets in Resources */,
			);
			runOnlyForDeploymentPostprocessing = 0;
		};
		840872821D0DB5AC000E0ABB /* Resources */ = {
			isa = PBXResourcesBuildPhase;
			buildActionMask = 2147483647;
			files = (
			);
			runOnlyForDeploymentPostprocessing = 0;
		};
		8408728D1D0DB5AC000E0ABB /* Resources */ = {
			isa = PBXResourcesBuildPhase;
			buildActionMask = 2147483647;
			files = (
			);
			runOnlyForDeploymentPostprocessing = 0;
		};
/* End PBXResourcesBuildPhase section */

/* Begin PBXSourcesBuildPhase section */
		8408726C1D0DB5AB000E0ABB /* Sources */ = {
			isa = PBXSourcesBuildPhase;
			buildActionMask = 2147483647;
			files = (
				840872761D0DB5AC000E0ABB /* ViewController.swift in Sources */,
				840872A41D0DB856000E0ABB /* Brain.swift in Sources */,
				840872741D0DB5AC000E0ABB /* AppDelegate.swift in Sources */,
				840872AA1D0DD1EE000E0ABB /* Game.swift in Sources */,
			);
			runOnlyForDeploymentPostprocessing = 0;
		};
		840872801D0DB5AC000E0ABB /* Sources */ = {
			isa = PBXSourcesBuildPhase;
			buildActionMask = 2147483647;
			files = (
				840872A21D0DB6BA000E0ABB /* BrainTests.swift in Sources */,
				840872A81D0DD151000E0ABB /* Gametests.swift in Sources */,
				84136C4E1D1013D400CF2B62 /* ViewControllerUnitTests.swift in Sources */,
			);
			runOnlyForDeploymentPostprocessing = 0;
		};
		8408728B1D0DB5AC000E0ABB /* Sources */ = {
			isa = PBXSourcesBuildPhase;
			buildActionMask = 2147483647;
			files = (
				840872941D0DB5AC000E0ABB /* FizzBuzzUITests.swift in Sources */,
			);
			runOnlyForDeploymentPostprocessing = 0;
		};
/* End PBXSourcesBuildPhase section */

/* Begin PBXTargetDependency section */
		840872861D0DB5AC000E0ABB /* PBXTargetDependency */ = {
			isa = PBXTargetDependency;
			target = 8408726F1D0DB5AB000E0ABB /* FizzBuzz */;
			targetProxy = 840872851D0DB5AC000E0ABB /* PBXContainerItemProxy */;
		};
		840872911D0DB5AC000E0ABB /* PBXTargetDependency */ = {
			isa = PBXTargetDependency;
			target = 8408726F1D0DB5AB000E0ABB /* FizzBuzz */;
			targetProxy = 840872901D0DB5AC000E0ABB /* PBXContainerItemProxy */;
		};
/* End PBXTargetDependency section */

/* Begin PBXVariantGroup section */
		840872771D0DB5AC000E0ABB /* Main.storyboard */ = {
			isa = PBXVariantGroup;
			children = (
				840872781D0DB5AC000E0ABB /* Base */,
			);
			name = Main.storyboard;
			sourceTree = "<group>";
		};
		8408727C1D0DB5AC000E0ABB /* LaunchScreen.storyboard */ = {
			isa = PBXVariantGroup;
			children = (
				8408727D1D0DB5AC000E0ABB /* Base */,
			);
			name = LaunchScreen.storyboard;
			sourceTree = "<group>";
		};
/* End PBXVariantGroup section */

/* Begin XCBuildConfiguration section */
		840872961D0DB5AC000E0ABB /* Debug */ = {
			isa = XCBuildConfiguration;
			buildSettings = {
				ALWAYS_SEARCH_USER_PATHS = NO;
				CLANG_ANALYZER_NONNULL = YES;
				CLANG_CXX_LANGUAGE_STANDARD = "gnu++0x";
				CLANG_CXX_LIBRARY = "libc++";
				CLANG_ENABLE_MODULES = YES;
				CLANG_ENABLE_OBJC_ARC = YES;
				CLANG_WARN_BOOL_CONVERSION = YES;
				CLANG_WARN_CONSTANT_CONVERSION = YES;
				CLANG_WARN_DIRECT_OBJC_ISA_USAGE = YES_ERROR;
				CLANG_WARN_EMPTY_BODY = YES;
				CLANG_WARN_ENUM_CONVERSION = YES;
				CLANG_WARN_INT_CONVERSION = YES;
				CLANG_WARN_OBJC_ROOT_CLASS = YES_ERROR;
				CLANG_WARN_UNREACHABLE_CODE = YES;
				CLANG_WARN__DUPLICATE_METHOD_MATCH = YES;
				"CODE_SIGN_IDENTITY[sdk=iphoneos*]" = "iPhone Developer";
				COPY_PHASE_STRIP = NO;
				DEBUG_INFORMATION_FORMAT = dwarf;
				ENABLE_STRICT_OBJC_MSGSEND = YES;
				ENABLE_TESTABILITY = YES;
				GCC_C_LANGUAGE_STANDARD = gnu99;
				GCC_DYNAMIC_NO_PIC = NO;
				GCC_NO_COMMON_BLOCKS = YES;
				GCC_OPTIMIZATION_LEVEL = 0;
				GCC_PREPROCESSOR_DEFINITIONS = (
					"DEBUG=1",
					"$(inherited)",
				);
				GCC_WARN_64_TO_32_BIT_CONVERSION = YES;
				GCC_WARN_ABOUT_RETURN_TYPE = YES_ERROR;
				GCC_WARN_UNDECLARED_SELECTOR = YES;
				GCC_WARN_UNINITIALIZED_AUTOS = YES_AGGRESSIVE;
				GCC_WARN_UNUSED_FUNCTION = YES;
				GCC_WARN_UNUSED_VARIABLE = YES;
				IPHONEOS_DEPLOYMENT_TARGET = 9.3;
				MTL_ENABLE_DEBUG_INFO = YES;
				ONLY_ACTIVE_ARCH = YES;
				SDKROOT = iphoneos;
				SWIFT_OPTIMIZATION_LEVEL = "-Onone";
				TARGETED_DEVICE_FAMILY = "1,2";
			};
			name = Debug;
		};
		840872971D0DB5AC000E0ABB /* Release */ = {
			isa = XCBuildConfiguration;
			buildSettings = {
				ALWAYS_SEARCH_USER_PATHS = NO;
				CLANG_ANALYZER_NONNULL = YES;
				CLANG_CXX_LANGUAGE_STANDARD = "gnu++0x";
				CLANG_CXX_LIBRARY = "libc++";
				CLANG_ENABLE_MODULES = YES;
				CLANG_ENABLE_OBJC_ARC = YES;
				CLANG_WARN_BOOL_CONVERSION = YES;
				CLANG_WARN_CONSTANT_CONVERSION = YES;
				CLANG_WARN_DIRECT_OBJC_ISA_USAGE = YES_ERROR;
				CLANG_WARN_EMPTY_BODY = YES;
				CLANG_WARN_ENUM_CONVERSION = YES;
				CLANG_WARN_INT_CONVERSION = YES;
				CLANG_WARN_OBJC_ROOT_CLASS = YES_ERROR;
				CLANG_WARN_UNREACHABLE_CODE = YES;
				CLANG_WARN__DUPLICATE_METHOD_MATCH = YES;
				"CODE_SIGN_IDENTITY[sdk=iphoneos*]" = "iPhone Developer";
				COPY_PHASE_STRIP = NO;
				DEBUG_INFORMATION_FORMAT = "dwarf-with-dsym";
				ENABLE_NS_ASSERTIONS = NO;
				ENABLE_STRICT_OBJC_MSGSEND = YES;
				GCC_C_LANGUAGE_STANDARD = gnu99;
				GCC_NO_COMMON_BLOCKS = YES;
				GCC_WARN_64_TO_32_BIT_CONVERSION = YES;
				GCC_WARN_ABOUT_RETURN_TYPE = YES_ERROR;
				GCC_WARN_UNDECLARED_SELECTOR = YES;
				GCC_WARN_UNINITIALIZED_AUTOS = YES_AGGRESSIVE;
				GCC_WARN_UNUSED_FUNCTION = YES;
				GCC_WARN_UNUSED_VARIABLE = YES;
				IPHONEOS_DEPLOYMENT_TARGET = 9.3;
				MTL_ENABLE_DEBUG_INFO = NO;
				SDKROOT = iphoneos;
				TARGETED_DEVICE_FAMILY = "1,2";
				VALIDATE_PRODUCT = YES;
			};
			name = Release;
		};
		840872991D0DB5AC000E0ABB /* Debug */ = {
			isa = XCBuildConfiguration;
			buildSettings = {
				ASSETCATALOG_COMPILER_APPICON_NAME = AppIcon;
				CODE_SIGN_IDENTITY = "iPhone Developer";
				"CODE_SIGN_IDENTITY[sdk=iphoneos*]" = "iPhone Developer";
				INFOPLIST_FILE = FizzBuzz/Info.plist;
				LD_RUNPATH_SEARCH_PATHS = "$(inherited) @executable_path/Frameworks";
				PRODUCT_BUNDLE_IDENTIFIER = com.Chris.FizzBuzz;
				PRODUCT_NAME = "$(TARGET_NAME)";
				PROVISIONING_PROFILE = "";
			};
			name = Debug;
		};
		8408729A1D0DB5AC000E0ABB /* Release */ = {
			isa = XCBuildConfiguration;
			buildSettings = {
				ASSETCATALOG_COMPILER_APPICON_NAME = AppIcon;
				CODE_SIGN_IDENTITY = "iPhone Developer";
				"CODE_SIGN_IDENTITY[sdk=iphoneos*]" = "iPhone Developer";
				INFOPLIST_FILE = FizzBuzz/Info.plist;
				LD_RUNPATH_SEARCH_PATHS = "$(inherited) @executable_path/Frameworks";
				PRODUCT_BUNDLE_IDENTIFIER = com.Chris.FizzBuzz;
				PRODUCT_NAME = "$(TARGET_NAME)";
				PROVISIONING_PROFILE = "";
			};
			name = Release;
		};
		8408729C1D0DB5AC000E0ABB /* Debug */ = {
			isa = XCBuildConfiguration;
			buildSettings = {
				BUNDLE_LOADER = "$(TEST_HOST)";
				CLANG_ENABLE_MODULES = YES;
				INFOPLIST_FILE = FizzBuzzTests/Info.plist;
				LD_RUNPATH_SEARCH_PATHS = "$(inherited) @executable_path/Frameworks @loader_path/Frameworks";
				PRODUCT_BUNDLE_IDENTIFIER = com.Chris.FizzBuzzTests;
				PRODUCT_NAME = "$(TARGET_NAME)";
				SWIFT_OPTIMIZATION_LEVEL = "-Onone";
				TEST_HOST = "$(BUILT_PRODUCTS_DIR)/FizzBuzz.app/FizzBuzz";
			};
			name = Debug;
		};
		8408729D1D0DB5AC000E0ABB /* Release */ = {
			isa = XCBuildConfiguration;
			buildSettings = {
				BUNDLE_LOADER = "$(TEST_HOST)";
				CLANG_ENABLE_MODULES = YES;
				INFOPLIST_FILE = FizzBuzzTests/Info.plist;
				LD_RUNPATH_SEARCH_PATHS = "$(inherited) @executable_path/Frameworks @loader_path/Frameworks";
				PRODUCT_BUNDLE_IDENTIFIER = com.Chris.FizzBuzzTests;
				PRODUCT_NAME = "$(TARGET_NAME)";
				TEST_HOST = "$(BUILT_PRODUCTS_DIR)/FizzBuzz.app/FizzBuzz";
			};
			name = Release;
		};
		8408729F1D0DB5AC000E0ABB /* Debug */ = {
			isa = XCBuildConfiguration;
			buildSettings = {
				INFOPLIST_FILE = FizzBuzzUITests/Info.plist;
				LD_RUNPATH_SEARCH_PATHS = "$(inherited) @executable_path/Frameworks @loader_path/Frameworks";
				PRODUCT_BUNDLE_IDENTIFIER = com.Chris.FizzBuzzUITests;
				PRODUCT_NAME = "$(TARGET_NAME)";
				TEST_TARGET_NAME = FizzBuzz;
			};
			name = Debug;
		};
		840872A01D0DB5AC000E0ABB /* Release */ = {
			isa = XCBuildConfiguration;
			buildSettings = {
				INFOPLIST_FILE = FizzBuzzUITests/Info.plist;
				LD_RUNPATH_SEARCH_PATHS = "$(inherited) @executable_path/Frameworks @loader_path/Frameworks";
				PRODUCT_BUNDLE_IDENTIFIER = com.Chris.FizzBuzzUITests;
				PRODUCT_NAME = "$(TARGET_NAME)";
				TEST_TARGET_NAME = FizzBuzz;
			};
			name = Release;
		};
/* End XCBuildConfiguration section */

/* Begin XCConfigurationList section */
		8408726B1D0DB5AB000E0ABB /* Build configuration list for PBXProject "FizzBuzz" */ = {
			isa = XCConfigurationList;
			buildConfigurations = (
				840872961D0DB5AC000E0ABB /* Debug */,
				840872971D0DB5AC000E0ABB /* Release */,
			);
			defaultConfigurationIsVisible = 0;
			defaultConfigurationName = Release;
		};
		840872981D0DB5AC000E0ABB /* Build configuration list for PBXNativeTarget "FizzBuzz" */ = {
			isa = XCConfigurationList;
			buildConfigurations = (
				840872991D0DB5AC000E0ABB /* Debug */,
				8408729A1D0DB5AC000E0ABB /* Release */,
			);
			defaultConfigurationIsVisible = 0;
			defaultConfigurationName = Release;
		};
		8408729B1D0DB5AC000E0ABB /* Build configuration list for PBXNativeTarget "FizzBuzzTests" */ = {
			isa = XCConfigurationList;
			buildConfigurations = (
				8408729C1D0DB5AC000E0ABB /* Debug */,
				8408729D1D0DB5AC000E0ABB /* Release */,
			);
			defaultConfigurationIsVisible = 0;
			defaultConfigurationName = Release;
		};
		8408729E1D0DB5AC000E0ABB /* Build configuration list for PBXNativeTarget "FizzBuzzUITests" */ = {
			isa = XCConfigurationList;
			buildConfigurations = (
				8408729F1D0DB5AC000E0ABB /* Debug */,
				840872A01D0DB5AC000E0ABB /* Release */,
			);
			defaultConfigurationIsVisible = 0;
			defaultConfigurationName = Release;
		};
/* End XCConfigurationList section */
	};
	rootObject = 840872681D0DB5AB000E0ABB /* Project object */;
}
